{
  "name": "pf_mini",
  "version": "0.0.4",
  "lockfileVersion": 2,
  "requires": true,
  "packages": {
    "": {
      "name": "pf_mini",
      "version": "0.0.4",
      "license": "MIT",
      "dependencies": {
        "mime-types": "latest"
      },
      "devDependencies": {
        "@fibjs/types": "latest"
      },
      "engines": {
        "fibjs": ">0.32.0"
      }
    },
    "node_modules/@fibjs/types": {
      "version": "0.33.15",
      "resolved": "https://registry.npmjs.org/@fibjs/types/-/types-0.33.15.tgz",
      "integrity": "sha512-119yAAHyTvuBfl0u6XUKHYxtoLQKE8al4ArfwAvPtxbs2MoJSv3DUdV2Y4JGfQTe+ZmIXAnvXGU9d5yiN7h3Cw==",
      "dev": true
    },
    "node_modules/mime-db": {
      "version": "1.49.0",
      "resolved": "https://registry.npmjs.org/mime-db/-/mime-db-1.49.0.tgz",
      "integrity": "sha512-CIc8j9URtOVApSFCQIF+VBkX1RwXp/oMMOrqdyXSBXq5RWNEsRfyj1kiRnQgmNXmHxPoFIxOroKA3zcU9P+nAA==",
      "engines": {
        "node": ">= 0.6"
      }
    },
    "node_modules/mime-types": {
      "version": "2.1.32",
      "resolved": "https://registry.npmjs.org/mime-types/-/mime-types-2.1.32.tgz",
      "integrity": "sha512-hJGaVS4G4c9TSMYh2n6SQAGrC4RnfU+daP8G7cSCmaqNjiOoUY0VHCMS42pxnQmVF1GWwFhbHWn3RIxCqTmZ9A==",
      "dependencies": {
        "mime-db": "1.49.0"
      },
      "engines": {
        "node": ">= 0.6"
      }
    }
  },
  "dependencies": {
    "@fibjs/types": {
      "version": "0.33.15",
      "resolved": "https://registry.npmjs.org/@fibjs/types/-/types-0.33.15.tgz",
      "integrity": "sha512-119yAAHyTvuBfl0u6XUKHYxtoLQKE8al4ArfwAvPtxbs2MoJSv3DUdV2Y4JGfQTe+ZmIXAnvXGU9d5yiN7h3Cw==",
      "dev": true
    },
    "mime-db": {
      "version": "1.49.0",
      "resolved": "https://registry.npmjs.org/mime-db/-/mime-db-1.49.0.tgz",
      "integrity": "sha512-CIc8j9URtOVApSFCQIF+VBkX1RwXp/oMMOrqdyXSBXq5RWNEsRfyj1kiRnQgmNXmHxPoFIxOroKA3zcU9P+nAA=="
    },
    "mime-types": {
      "version": "2.1.32",
      "resolved": "https://registry.npmjs.org/mime-types/-/mime-types-2.1.32.tgz",
      "integrity": "sha512-hJGaVS4G4c9TSMYh2n6SQAGrC4RnfU+daP8G7cSCmaqNjiOoUY0VHCMS42pxnQmVF1GWwFhbHWn3RIxCqTmZ9A==",
      "requires": {
        "mime-db": "1.49.0"
      }
    }
  }
}
